// !$*UTF8*$!
{
	archiveVersion = 1;
	classes = {
	};
	objectVersion = 46;
	objects = {

/* Begin PBXBuildFile section */
		74DDBA0A195576A200419934 /* Foundation.framework in Frameworks */ = {isa = PBXBuildFile; fileRef = 74DDBA09195576A200419934 /* Foundation.framework */; };
		74DDBA18195576A200419934 /* XCTest.framework in Frameworks */ = {isa = PBXBuildFile; fileRef = 74DDBA17195576A200419934 /* XCTest.framework */; };
		74DDBA19195576A200419934 /* Foundation.framework in Frameworks */ = {isa = PBXBuildFile; fileRef = 74DDBA09195576A200419934 /* Foundation.framework */; };
		74DDBA1B195576A200419934 /* UIKit.framework in Frameworks */ = {isa = PBXBuildFile; fileRef = 74DDBA1A195576A200419934 /* UIKit.framework */; };
		74DDBA1E195576A200419934 /* libKiiLib-Objective-C.a in Frameworks */ = {isa = PBXBuildFile; fileRef = 74DDBA06195576A200419934 /* libKiiLib-Objective-C.a */; };
		74DDBA24195576A200419934 /* InfoPlist.strings in Resources */ = {isa = PBXBuildFile; fileRef = 74DDBA22195576A200419934 /* InfoPlist.strings */; };
		74DDBA351955EF2B00419934 /* KLAppAPIImpl.m in Sources */ = {isa = PBXBuildFile; fileRef = 74DDBA341955EF2B00419934 /* KLAppAPIImpl.m */; };
		74DDBA391955F00800419934 /* KLUser.m in Sources */ = {isa = PBXBuildFile; fileRef = 74DDBA381955F00800419934 /* KLUser.m */; };
		74DDBA3E1955F63300419934 /* KLAppAPIImplTest.m in Sources */ = {isa = PBXBuildFile; fileRef = 74DDBA3D1955F63300419934 /* KLAppAPIImplTest.m */; };
		74DDBA411955FADE00419934 /* KLRequest.m in Sources */ = {isa = PBXBuildFile; fileRef = 74DDBA401955FADE00419934 /* KLRequest.m */; };
		74DDBA441956753400419934 /* KLUserAPIImpl.m in Sources */ = {isa = PBXBuildFile; fileRef = 74DDBA431956753400419934 /* KLUserAPIImpl.m */; };
		74DDBA4919567FDF00419934 /* KLTestConstants.m in Sources */ = {isa = PBXBuildFile; fileRef = 74DDBA4819567FDF00419934 /* KLTestConstants.m */; };
		74DDBA4E195684DB00419934 /* KLHTTPResponse.m in Sources */ = {isa = PBXBuildFile; fileRef = 74DDBA4D195684DB00419934 /* KLHTTPResponse.m */; };
		74DDBA531956886300419934 /* KLMockHTTPClient.m in Sources */ = {isa = PBXBuildFile; fileRef = 74DDBA521956886300419934 /* KLMockHTTPClient.m */; };
		74DDBA56195688DE00419934 /* KLMockHTTPClientFactory.m in Sources */ = {isa = PBXBuildFile; fileRef = 74DDBA55195688DE00419934 /* KLMockHTTPClientFactory.m */; };
		74DDBA5A19568E6400419934 /* KLHTTPClientImpl.m in Sources */ = {isa = PBXBuildFile; fileRef = 74DDBA5919568E6400419934 /* KLHTTPClientImpl.m */; };
		74DDBA5D19568EA300419934 /* KLHTTPClientFactoryImpl.m in Sources */ = {isa = PBXBuildFile; fileRef = 74DDBA5C19568EA300419934 /* KLHTTPClientFactoryImpl.m */; };
		74DDBA631956A06A00419934 /* KLAPIImplUtils.m in Sources */ = {isa = PBXBuildFile; fileRef = 74DDBA621956A06A00419934 /* KLAPIImplUtils.m */; };
		74DDBA651956A53C00419934 /* KLUserAPIImplTest.m in Sources */ = {isa = PBXBuildFile; fileRef = 74DDBA641956A53C00419934 /* KLUserAPIImplTest.m */; };
		74DDBA691956AC3F00419934 /* KLBucket.m in Sources */ = {isa = PBXBuildFile; fileRef = 74DDBA681956AC3F00419934 /* KLBucket.m */; };
		74DDBA6C1956ACA500419934 /* KLObject.m in Sources */ = {isa = PBXBuildFile; fileRef = 74DDBA6B1956ACA500419934 /* KLObject.m */; };
		74DDBA6F1956AD7F00419934 /* KLObjectAPIImpl.m in Sources */ = {isa = PBXBuildFile; fileRef = 74DDBA6E1956AD7F00419934 /* KLObjectAPIImpl.m */; };
		74DDBA731956B31F00419934 /* KLObjectAPIImplTest.m in Sources */ = {isa = PBXBuildFile; fileRef = 74DDBA721956B31F00419934 /* KLObjectAPIImplTest.m */; };
		74DDBA741956BAB900419934 /* KLHTTPClientFactoryImpl.h in CopyFiles */ = {isa = PBXBuildFile; fileRef = 74DDBA5B19568EA300419934 /* KLHTTPClientFactoryImpl.h */; };
		74DDBA751956BAC300419934 /* KLUser.h in CopyFiles */ = {isa = PBXBuildFile; fileRef = 74DDBA371955F00800419934 /* KLUser.h */; };
		74DDBA761956BAC300419934 /* KLBucket.h in CopyFiles */ = {isa = PBXBuildFile; fileRef = 74DDBA671956AC3F00419934 /* KLBucket.h */; };
		74DDBA771956BAC300419934 /* KLObject.h in CopyFiles */ = {isa = PBXBuildFile; fileRef = 74DDBA6A1956ACA500419934 /* KLObject.h */; };
		74DDBA781956BAC300419934 /* KLBucketOwnable.h in CopyFiles */ = {isa = PBXBuildFile; fileRef = 74DDBA711956AFC800419934 /* KLBucketOwnable.h */; };
		74DDBA791956BAD000419934 /* KLAppAPI.h in CopyFiles */ = {isa = PBXBuildFile; fileRef = 74DDBA311955EDC800419934 /* KLAppAPI.h */; };
		74DDBA7A1956BAD000419934 /* KLUserAPI.h in CopyFiles */ = {isa = PBXBuildFile; fileRef = 74DDBA3A1955F2A600419934 /* KLUserAPI.h */; };
		74DDBA7B1956BAD000419934 /* KLObjectAPI.h in CopyFiles */ = {isa = PBXBuildFile; fileRef = 74DDBA661956AC2C00419934 /* KLObjectAPI.h */; };
/* End PBXBuildFile section */

/* Begin PBXContainerItemProxy section */
		74DDBA1C195576A200419934 /* PBXContainerItemProxy */ = {
			isa = PBXContainerItemProxy;
			containerPortal = 74DDB9FE195576A200419934 /* Project object */;
			proxyType = 1;
			remoteGlobalIDString = 74DDBA05195576A200419934;
			remoteInfo = "KiiLib-Objective-C";
		};
/* End PBXContainerItemProxy section */

/* Begin PBXCopyFilesBuildPhase section */
		74DDBA04195576A200419934 /* CopyFiles */ = {
			isa = PBXCopyFilesBuildPhase;
			buildActionMask = 2147483647;
			dstPath = "include/$(PRODUCT_NAME)";
			dstSubfolderSpec = 16;
			files = (
				74DDBA791956BAD000419934 /* KLAppAPI.h in CopyFiles */,
				74DDBA7A1956BAD000419934 /* KLUserAPI.h in CopyFiles */,
				74DDBA7B1956BAD000419934 /* KLObjectAPI.h in CopyFiles */,
				74DDBA751956BAC300419934 /* KLUser.h in CopyFiles */,
				74DDBA761956BAC300419934 /* KLBucket.h in CopyFiles */,
				74DDBA771956BAC300419934 /* KLObject.h in CopyFiles */,
				74DDBA781956BAC300419934 /* KLBucketOwnable.h in CopyFiles */,
				74DDBA741956BAB900419934 /* KLHTTPClientFactoryImpl.h in CopyFiles */,
			);
			runOnlyForDeploymentPostprocessing = 0;
		};
/* End PBXCopyFilesBuildPhase section */

/* Begin PBXFileReference section */
		74DDBA06195576A200419934 /* libKiiLib-Objective-C.a */ = {isa = PBXFileReference; explicitFileType = archive.ar; includeInIndex = 0; path = "libKiiLib-Objective-C.a"; sourceTree = BUILT_PRODUCTS_DIR; };
		74DDBA09195576A200419934 /* Foundation.framework */ = {isa = PBXFileReference; lastKnownFileType = wrapper.framework; name = Foundation.framework; path = System/Library/Frameworks/Foundation.framework; sourceTree = SDKROOT; };
		74DDBA0D195576A200419934 /* KiiLib-Objective-C-Prefix.pch */ = {isa = PBXFileReference; lastKnownFileType = sourcecode.c.h; path = "KiiLib-Objective-C-Prefix.pch"; sourceTree = "<group>"; };
		74DDBA16195576A200419934 /* KiiLib-Objective-CTests.xctest */ = {isa = PBXFileReference; explicitFileType = wrapper.cfbundle; includeInIndex = 0; path = "KiiLib-Objective-CTests.xctest"; sourceTree = BUILT_PRODUCTS_DIR; };
		74DDBA17195576A200419934 /* XCTest.framework */ = {isa = PBXFileReference; lastKnownFileType = wrapper.framework; name = XCTest.framework; path = Library/Frameworks/XCTest.framework; sourceTree = DEVELOPER_DIR; };
		74DDBA1A195576A200419934 /* UIKit.framework */ = {isa = PBXFileReference; lastKnownFileType = wrapper.framework; name = UIKit.framework; path = Library/Frameworks/UIKit.framework; sourceTree = DEVELOPER_DIR; };
		74DDBA21195576A200419934 /* KiiLib-Objective-CTests-Info.plist */ = {isa = PBXFileReference; lastKnownFileType = text.plist.xml; path = "KiiLib-Objective-CTests-Info.plist"; sourceTree = "<group>"; };
		74DDBA23195576A200419934 /* en */ = {isa = PBXFileReference; lastKnownFileType = text.plist.strings; name = en; path = en.lproj/InfoPlist.strings; sourceTree = "<group>"; };
		74DDBA311955EDC800419934 /* KLAppAPI.h */ = {isa = PBXFileReference; lastKnownFileType = sourcecode.c.h; path = KLAppAPI.h; sourceTree = "<group>"; };
		74DDBA331955EF2B00419934 /* KLAppAPIImpl.h */ = {isa = PBXFileReference; fileEncoding = 4; lastKnownFileType = sourcecode.c.h; path = KLAppAPIImpl.h; sourceTree = "<group>"; };
		74DDBA341955EF2B00419934 /* KLAppAPIImpl.m */ = {isa = PBXFileReference; fileEncoding = 4; lastKnownFileType = sourcecode.c.objc; path = KLAppAPIImpl.m; sourceTree = "<group>"; };
		74DDBA371955F00800419934 /* KLUser.h */ = {isa = PBXFileReference; fileEncoding = 4; lastKnownFileType = sourcecode.c.h; path = KLUser.h; sourceTree = "<group>"; };
		74DDBA381955F00800419934 /* KLUser.m */ = {isa = PBXFileReference; fileEncoding = 4; lastKnownFileType = sourcecode.c.objc; path = KLUser.m; sourceTree = "<group>"; };
		74DDBA3A1955F2A600419934 /* KLUserAPI.h */ = {isa = PBXFileReference; lastKnownFileType = sourcecode.c.h; path = KLUserAPI.h; sourceTree = "<group>"; };
		74DDBA3D1955F63300419934 /* KLAppAPIImplTest.m */ = {isa = PBXFileReference; fileEncoding = 4; lastKnownFileType = sourcecode.c.objc; path = KLAppAPIImplTest.m; sourceTree = "<group>"; };
		74DDBA3F1955FADE00419934 /* KLRequest.h */ = {isa = PBXFileReference; fileEncoding = 4; lastKnownFileType = sourcecode.c.h; path = KLRequest.h; sourceTree = "<group>"; };
		74DDBA401955FADE00419934 /* KLRequest.m */ = {isa = PBXFileReference; fileEncoding = 4; lastKnownFileType = sourcecode.c.objc; path = KLRequest.m; sourceTree = "<group>"; };
		74DDBA421956753400419934 /* KLUserAPIImpl.h */ = {isa = PBXFileReference; fileEncoding = 4; lastKnownFileType = sourcecode.c.h; path = KLUserAPIImpl.h; sourceTree = "<group>"; };
		74DDBA431956753400419934 /* KLUserAPIImpl.m */ = {isa = PBXFileReference; fileEncoding = 4; lastKnownFileType = sourcecode.c.objc; path = KLUserAPIImpl.m; sourceTree = "<group>"; };
		74DDBA46195676BE00419934 /* KLUserAPIImpl+private.h */ = {isa = PBXFileReference; lastKnownFileType = sourcecode.c.h; path = "KLUserAPIImpl+private.h"; sourceTree = "<group>"; };
		74DDBA4719567F8C00419934 /* KLTestConstants.h */ = {isa = PBXFileReference; lastKnownFileType = sourcecode.c.h; path = KLTestConstants.h; sourceTree = "<group>"; };
		74DDBA4819567FDF00419934 /* KLTestConstants.m */ = {isa = PBXFileReference; fileEncoding = 4; lastKnownFileType = sourcecode.c.objc; path = KLTestConstants.m; sourceTree = "<group>"; };
		74DDBA4B1956841600419934 /* KLHTTPClient.h */ = {isa = PBXFileReference; lastKnownFileType = sourcecode.c.h; path = KLHTTPClient.h; sourceTree = "<group>"; };
		74DDBA4C195684DB00419934 /* KLHTTPResponse.h */ = {isa = PBXFileReference; fileEncoding = 4; lastKnownFileType = sourcecode.c.h; path = KLHTTPResponse.h; sourceTree = "<group>"; };
		74DDBA4D195684DB00419934 /* KLHTTPResponse.m */ = {isa = PBXFileReference; fileEncoding = 4; lastKnownFileType = sourcecode.c.objc; path = KLHTTPResponse.m; sourceTree = "<group>"; };
		74DDBA4F1956854300419934 /* KLHTTPClientFactory.h */ = {isa = PBXFileReference; lastKnownFileType = sourcecode.c.h; path = KLHTTPClientFactory.h; sourceTree = "<group>"; };
		74DDBA511956886300419934 /* KLMockHTTPClient.h */ = {isa = PBXFileReference; fileEncoding = 4; lastKnownFileType = sourcecode.c.h; path = KLMockHTTPClient.h; sourceTree = "<group>"; };
		74DDBA521956886300419934 /* KLMockHTTPClient.m */ = {isa = PBXFileReference; fileEncoding = 4; lastKnownFileType = sourcecode.c.objc; path = KLMockHTTPClient.m; sourceTree = "<group>"; };
		74DDBA54195688DE00419934 /* KLMockHTTPClientFactory.h */ = {isa = PBXFileReference; fileEncoding = 4; lastKnownFileType = sourcecode.c.h; path = KLMockHTTPClientFactory.h; sourceTree = "<group>"; };
		74DDBA55195688DE00419934 /* KLMockHTTPClientFactory.m */ = {isa = PBXFileReference; fileEncoding = 4; lastKnownFileType = sourcecode.c.objc; path = KLMockHTTPClientFactory.m; sourceTree = "<group>"; };
		74DDBA5819568E6400419934 /* KLHTTPClientImpl.h */ = {isa = PBXFileReference; fileEncoding = 4; lastKnownFileType = sourcecode.c.h; path = KLHTTPClientImpl.h; sourceTree = "<group>"; };
		74DDBA5919568E6400419934 /* KLHTTPClientImpl.m */ = {isa = PBXFileReference; fileEncoding = 4; lastKnownFileType = sourcecode.c.objc; path = KLHTTPClientImpl.m; sourceTree = "<group>"; };
		74DDBA5B19568EA300419934 /* KLHTTPClientFactoryImpl.h */ = {isa = PBXFileReference; fileEncoding = 4; lastKnownFileType = sourcecode.c.h; path = KLHTTPClientFactoryImpl.h; sourceTree = "<group>"; };
		74DDBA5C19568EA300419934 /* KLHTTPClientFactoryImpl.m */ = {isa = PBXFileReference; fileEncoding = 4; lastKnownFileType = sourcecode.c.objc; path = KLHTTPClientFactoryImpl.m; sourceTree = "<group>"; };
		74DDBA611956A06A00419934 /* KLAPIImplUtils.h */ = {isa = PBXFileReference; fileEncoding = 4; lastKnownFileType = sourcecode.c.h; path = KLAPIImplUtils.h; sourceTree = "<group>"; };
		74DDBA621956A06A00419934 /* KLAPIImplUtils.m */ = {isa = PBXFileReference; fileEncoding = 4; lastKnownFileType = sourcecode.c.objc; path = KLAPIImplUtils.m; sourceTree = "<group>"; };
		74DDBA641956A53C00419934 /* KLUserAPIImplTest.m */ = {isa = PBXFileReference; fileEncoding = 4; lastKnownFileType = sourcecode.c.objc; path = KLUserAPIImplTest.m; sourceTree = "<group>"; };
		74DDBA661956AC2C00419934 /* KLObjectAPI.h */ = {isa = PBXFileReference; lastKnownFileType = sourcecode.c.h; path = KLObjectAPI.h; sourceTree = "<group>"; };
		74DDBA671956AC3F00419934 /* KLBucket.h */ = {isa = PBXFileReference; fileEncoding = 4; lastKnownFileType = sourcecode.c.h; path = KLBucket.h; sourceTree = "<group>"; };
		74DDBA681956AC3F00419934 /* KLBucket.m */ = {isa = PBXFileReference; fileEncoding = 4; lastKnownFileType = sourcecode.c.objc; path = KLBucket.m; sourceTree = "<group>"; };
		74DDBA6A1956ACA500419934 /* KLObject.h */ = {isa = PBXFileReference; fileEncoding = 4; lastKnownFileType = sourcecode.c.h; path = KLObject.h; sourceTree = "<group>"; };
		74DDBA6B1956ACA500419934 /* KLObject.m */ = {isa = PBXFileReference; fileEncoding = 4; lastKnownFileType = sourcecode.c.objc; path = KLObject.m; sourceTree = "<group>"; };
		74DDBA6D1956AD7F00419934 /* KLObjectAPIImpl.h */ = {isa = PBXFileReference; fileEncoding = 4; lastKnownFileType = sourcecode.c.h; path = KLObjectAPIImpl.h; sourceTree = "<group>"; };
		74DDBA6E1956AD7F00419934 /* KLObjectAPIImpl.m */ = {isa = PBXFileReference; fileEncoding = 4; lastKnownFileType = sourcecode.c.objc; path = KLObjectAPIImpl.m; sourceTree = "<group>"; };
		74DDBA701956ADCA00419934 /* KLObjectAPIImpl+private.h */ = {isa = PBXFileReference; fileEncoding = 4; lastKnownFileType = sourcecode.c.h; path = "KLObjectAPIImpl+private.h"; sourceTree = "<group>"; };
		74DDBA711956AFC800419934 /* KLBucketOwnable.h */ = {isa = PBXFileReference; lastKnownFileType = sourcecode.c.h; path = KLBucketOwnable.h; sourceTree = "<group>"; };
		74DDBA721956B31F00419934 /* KLObjectAPIImplTest.m */ = {isa = PBXFileReference; fileEncoding = 4; lastKnownFileType = sourcecode.c.objc; path = KLObjectAPIImplTest.m; sourceTree = "<group>"; };
/* End PBXFileReference section */

/* Begin PBXFrameworksBuildPhase section */
		74DDBA03195576A200419934 /* Frameworks */ = {
			isa = PBXFrameworksBuildPhase;
			buildActionMask = 2147483647;
			files = (
				74DDBA0A195576A200419934 /* Foundation.framework in Frameworks */,
			);
			runOnlyForDeploymentPostprocessing = 0;
		};
		74DDBA13195576A200419934 /* Frameworks */ = {
			isa = PBXFrameworksBuildPhase;
			buildActionMask = 2147483647;
			files = (
				74DDBA18195576A200419934 /* XCTest.framework in Frameworks */,
				74DDBA1E195576A200419934 /* libKiiLib-Objective-C.a in Frameworks */,
				74DDBA1B195576A200419934 /* UIKit.framework in Frameworks */,
				74DDBA19195576A200419934 /* Foundation.framework in Frameworks */,
			);
			runOnlyForDeploymentPostprocessing = 0;
		};
/* End PBXFrameworksBuildPhase section */

/* Begin PBXGroup section */
		74DDB9FD195576A200419934 = {
			isa = PBXGroup;
			children = (
				74DDBA0B195576A200419934 /* KiiLib-Objective-C */,
				74DDBA1F195576A200419934 /* KiiLib-Objective-CTests */,
				74DDBA08195576A200419934 /* Frameworks */,
				74DDBA07195576A200419934 /* Products */,
			);
			sourceTree = "<group>";
		};
		74DDBA07195576A200419934 /* Products */ = {
			isa = PBXGroup;
			children = (
				74DDBA06195576A200419934 /* libKiiLib-Objective-C.a */,
				74DDBA16195576A200419934 /* KiiLib-Objective-CTests.xctest */,
			);
			name = Products;
			sourceTree = "<group>";
		};
		74DDBA08195576A200419934 /* Frameworks */ = {
			isa = PBXGroup;
			children = (
				74DDBA09195576A200419934 /* Foundation.framework */,
				74DDBA17195576A200419934 /* XCTest.framework */,
				74DDBA1A195576A200419934 /* UIKit.framework */,
			);
			name = Frameworks;
			sourceTree = "<group>";
		};
		74DDBA0B195576A200419934 /* KiiLib-Objective-C */ = {
			isa = PBXGroup;
			children = (
				74DDBA4A195683CC00419934 /* http */,
				74DDBA361955EFDD00419934 /* entities */,
				74DDBA2F1955ED8E00419934 /* api */,
				74DDBA0C195576A200419934 /* Supporting Files */,
			);
			path = "KiiLib-Objective-C";
			sourceTree = "<group>";
		};
		74DDBA0C195576A200419934 /* Supporting Files */ = {
			isa = PBXGroup;
			children = (
				74DDBA0D195576A200419934 /* KiiLib-Objective-C-Prefix.pch */,
			);
			name = "Supporting Files";
			sourceTree = "<group>";
		};
		74DDBA1F195576A200419934 /* KiiLib-Objective-CTests */ = {
			isa = PBXGroup;
			children = (
				74DDBA501956884300419934 /* http */,
				74DDBA3B1955F5FA00419934 /* api */,
				74DDBA20195576A200419934 /* Supporting Files */,
				74DDBA4719567F8C00419934 /* KLTestConstants.h */,
				74DDBA4819567FDF00419934 /* KLTestConstants.m */,
			);
			path = "KiiLib-Objective-CTests";
			sourceTree = "<group>";
		};
		74DDBA20195576A200419934 /* Supporting Files */ = {
			isa = PBXGroup;
			children = (
				74DDBA21195576A200419934 /* KiiLib-Objective-CTests-Info.plist */,
				74DDBA22195576A200419934 /* InfoPlist.strings */,
			);
			name = "Supporting Files";
			sourceTree = "<group>";
		};
		74DDBA2F1955ED8E00419934 /* api */ = {
			isa = PBXGroup;
			children = (
				74DDBA301955EDAB00419934 /* impl */,
				74DDBA311955EDC800419934 /* KLAppAPI.h */,
				74DDBA3A1955F2A600419934 /* KLUserAPI.h */,
				74DDBA661956AC2C00419934 /* KLObjectAPI.h */,
			);
			path = api;
			sourceTree = "<group>";
		};
		74DDBA301955EDAB00419934 /* impl */ = {
			isa = PBXGroup;
			children = (
				74DDBA451956768100419934 /* private */,
				74DDBA331955EF2B00419934 /* KLAppAPIImpl.h */,
				74DDBA341955EF2B00419934 /* KLAppAPIImpl.m */,
				74DDBA421956753400419934 /* KLUserAPIImpl.h */,
				74DDBA431956753400419934 /* KLUserAPIImpl.m */,
				74DDBA6D1956AD7F00419934 /* KLObjectAPIImpl.h */,
				74DDBA6E1956AD7F00419934 /* KLObjectAPIImpl.m */,
				74DDBA3F1955FADE00419934 /* KLRequest.h */,
				74DDBA401955FADE00419934 /* KLRequest.m */,
			);
			path = impl;
			sourceTree = "<group>";
		};
		74DDBA361955EFDD00419934 /* entities */ = {
			isa = PBXGroup;
			children = (
				74DDBA371955F00800419934 /* KLUser.h */,
				74DDBA381955F00800419934 /* KLUser.m */,
				74DDBA671956AC3F00419934 /* KLBucket.h */,
				74DDBA681956AC3F00419934 /* KLBucket.m */,
				74DDBA6A1956ACA500419934 /* KLObject.h */,
				74DDBA6B1956ACA500419934 /* KLObject.m */,
				74DDBA711956AFC800419934 /* KLBucketOwnable.h */,
			);
			path = entities;
			sourceTree = "<group>";
		};
		74DDBA3B1955F5FA00419934 /* api */ = {
			isa = PBXGroup;
			children = (
				74DDBA3C1955F60200419934 /* impl */,
			);
			path = api;
			sourceTree = "<group>";
		};
		74DDBA3C1955F60200419934 /* impl */ = {
			isa = PBXGroup;
			children = (
				74DDBA721956B31F00419934 /* KLObjectAPIImplTest.m */,
				74DDBA641956A53C00419934 /* KLUserAPIImplTest.m */,
				74DDBA3D1955F63300419934 /* KLAppAPIImplTest.m */,
			);
			path = impl;
			sourceTree = "<group>";
		};
		74DDBA451956768100419934 /* private */ = {
			isa = PBXGroup;
			children = (
				74DDBA701956ADCA00419934 /* KLObjectAPIImpl+private.h */,
				74DDBA46195676BE00419934 /* KLUserAPIImpl+private.h */,
				74DDBA611956A06A00419934 /* KLAPIImplUtils.h */,
				74DDBA621956A06A00419934 /* KLAPIImplUtils.m */,
			);
			path = private;
			sourceTree = "<group>";
		};
		74DDBA4A195683CC00419934 /* http */ = {
			isa = PBXGroup;
			children = (
				74DDBA5719568E4B00419934 /* impl */,
				74DDBA4B1956841600419934 /* KLHTTPClient.h */,
				74DDBA4C195684DB00419934 /* KLHTTPResponse.h */,
				74DDBA4D195684DB00419934 /* KLHTTPResponse.m */,
				74DDBA4F1956854300419934 /* KLHTTPClientFactory.h */,
			);
			path = http;
			sourceTree = "<group>";
		};
		74DDBA501956884300419934 /* http */ = {
			isa = PBXGroup;
			children = (
				74DDBA511956886300419934 /* KLMockHTTPClient.h */,
				74DDBA521956886300419934 /* KLMockHTTPClient.m */,
				74DDBA54195688DE00419934 /* KLMockHTTPClientFactory.h */,
				74DDBA55195688DE00419934 /* KLMockHTTPClientFactory.m */,
			);
			path = http;
			sourceTree = "<group>";
		};
		74DDBA5719568E4B00419934 /* impl */ = {
			isa = PBXGroup;
			children = (
				74DDBA5819568E6400419934 /* KLHTTPClientImpl.h */,
				74DDBA5919568E6400419934 /* KLHTTPClientImpl.m */,
				74DDBA5B19568EA300419934 /* KLHTTPClientFactoryImpl.h */,
				74DDBA5C19568EA300419934 /* KLHTTPClientFactoryImpl.m */,
			);
			path = impl;
			sourceTree = "<group>";
		};
/* End PBXGroup section */

/* Begin PBXNativeTarget section */
		74DDBA05195576A200419934 /* KiiLib-Objective-C */ = {
			isa = PBXNativeTarget;
			buildConfigurationList = 74DDBA29195576A200419934 /* Build configuration list for PBXNativeTarget "KiiLib-Objective-C" */;
			buildPhases = (
				74DDBA02195576A200419934 /* Sources */,
				74DDBA03195576A200419934 /* Frameworks */,
				74DDBA04195576A200419934 /* CopyFiles */,
			);
			buildRules = (
			);
			dependencies = (
			);
			name = "KiiLib-Objective-C";
			productName = "KiiLib-Objective-C";
			productReference = 74DDBA06195576A200419934 /* libKiiLib-Objective-C.a */;
			productType = "com.apple.product-type.library.static";
		};
		74DDBA15195576A200419934 /* KiiLib-Objective-CTests */ = {
			isa = PBXNativeTarget;
			buildConfigurationList = 74DDBA2C195576A200419934 /* Build configuration list for PBXNativeTarget "KiiLib-Objective-CTests" */;
			buildPhases = (
				74DDBA12195576A200419934 /* Sources */,
				74DDBA13195576A200419934 /* Frameworks */,
				74DDBA14195576A200419934 /* Resources */,
			);
			buildRules = (
			);
			dependencies = (
				74DDBA1D195576A200419934 /* PBXTargetDependency */,
			);
			name = "KiiLib-Objective-CTests";
			productName = "KiiLib-Objective-CTests";
			productReference = 74DDBA16195576A200419934 /* KiiLib-Objective-CTests.xctest */;
			productType = "com.apple.product-type.bundle.unit-test";
		};
/* End PBXNativeTarget section */

/* Begin PBXProject section */
		74DDB9FE195576A200419934 /* Project object */ = {
			isa = PBXProject;
			attributes = {
				LastUpgradeCheck = 0510;
				ORGANIZATIONNAME = fkmsoft.jp;
			};
			buildConfigurationList = 74DDBA01195576A200419934 /* Build configuration list for PBXProject "KiiLib-Objective-C" */;
			compatibilityVersion = "Xcode 3.2";
			developmentRegion = English;
			hasScannedForEncodings = 0;
			knownRegions = (
				en,
			);
			mainGroup = 74DDB9FD195576A200419934;
			productRefGroup = 74DDBA07195576A200419934 /* Products */;
			projectDirPath = "";
			projectRoot = "";
			targets = (
				74DDBA05195576A200419934 /* KiiLib-Objective-C */,
				74DDBA15195576A200419934 /* KiiLib-Objective-CTests */,
			);
		};
/* End PBXProject section */

/* Begin PBXResourcesBuildPhase section */
		74DDBA14195576A200419934 /* Resources */ = {
			isa = PBXResourcesBuildPhase;
			buildActionMask = 2147483647;
			files = (
				74DDBA24195576A200419934 /* InfoPlist.strings in Resources */,
			);
			runOnlyForDeploymentPostprocessing = 0;
		};
/* End PBXResourcesBuildPhase section */

/* Begin PBXSourcesBuildPhase section */
		74DDBA02195576A200419934 /* Sources */ = {
			isa = PBXSourcesBuildPhase;
			buildActionMask = 2147483647;
			files = (
				74DDBA441956753400419934 /* KLUserAPIImpl.m in Sources */,
				74DDBA5A19568E6400419934 /* KLHTTPClientImpl.m in Sources */,
				74DDBA4E195684DB00419934 /* KLHTTPResponse.m in Sources */,
				74DDBA691956AC3F00419934 /* KLBucket.m in Sources */,
				74DDBA6F1956AD7F00419934 /* KLObjectAPIImpl.m in Sources */,
				74DDBA411955FADE00419934 /* KLRequest.m in Sources */,
				74DDBA6C1956ACA500419934 /* KLObject.m in Sources */,
				74DDBA391955F00800419934 /* KLUser.m in Sources */,
				74DDBA5D19568EA300419934 /* KLHTTPClientFactoryImpl.m in Sources */,
				74DDBA631956A06A00419934 /* KLAPIImplUtils.m in Sources */,
				74DDBA351955EF2B00419934 /* KLAppAPIImpl.m in Sources */,
			);
			runOnlyForDeploymentPostprocessing = 0;
		};
		74DDBA12195576A200419934 /* Sources */ = {
			isa = PBXSourcesBuildPhase;
			buildActionMask = 2147483647;
			files = (
				74DDBA731956B31F00419934 /* KLObjectAPIImplTest.m in Sources */,
				74DDBA651956A53C00419934 /* KLUserAPIImplTest.m in Sources */,
				74DDBA531956886300419934 /* KLMockHTTPClient.m in Sources */,
				74DDBA56195688DE00419934 /* KLMockHTTPClientFactory.m in Sources */,
				74DDBA3E1955F63300419934 /* KLAppAPIImplTest.m in Sources */,
				74DDBA4919567FDF00419934 /* KLTestConstants.m in Sources */,
			);
			runOnlyForDeploymentPostprocessing = 0;
		};
/* End PBXSourcesBuildPhase section */

/* Begin PBXTargetDependency section */
		74DDBA1D195576A200419934 /* PBXTargetDependency */ = {
			isa = PBXTargetDependency;
			target = 74DDBA05195576A200419934 /* KiiLib-Objective-C */;
			targetProxy = 74DDBA1C195576A200419934 /* PBXContainerItemProxy */;
		};
/* End PBXTargetDependency section */

/* Begin PBXVariantGroup section */
		74DDBA22195576A200419934 /* InfoPlist.strings */ = {
			isa = PBXVariantGroup;
			children = (
				74DDBA23195576A200419934 /* en */,
			);
			name = InfoPlist.strings;
			sourceTree = "<group>";
		};
/* End PBXVariantGroup section */

/* Begin XCBuildConfiguration section */
		74DDBA27195576A200419934 /* Debug */ = {
			isa = XCBuildConfiguration;
			buildSettings = {
				ALWAYS_SEARCH_USER_PATHS = NO;
				CLANG_CXX_LANGUAGE_STANDARD = "gnu++0x";
				CLANG_CXX_LIBRARY = "libc++";
				CLANG_ENABLE_MODULES = YES;
				CLANG_ENABLE_OBJC_ARC = YES;
				CLANG_WARN_BOOL_CONVERSION = YES;
				CLANG_WARN_CONSTANT_CONVERSION = YES;
				CLANG_WARN_DIRECT_OBJC_ISA_USAGE = YES_ERROR;
				CLANG_WARN_EMPTY_BODY = YES;
				CLANG_WARN_ENUM_CONVERSION = YES;
				CLANG_WARN_INT_CONVERSION = YES;
				CLANG_WARN_OBJC_ROOT_CLASS = YES_ERROR;
				CLANG_WARN__DUPLICATE_METHOD_MATCH = YES;
				COPY_PHASE_STRIP = NO;
				GCC_C_LANGUAGE_STANDARD = gnu99;
				GCC_DYNAMIC_NO_PIC = NO;
				GCC_OPTIMIZATION_LEVEL = 0;
				GCC_PREPROCESSOR_DEFINITIONS = (
					"DEBUG=1",
					"$(inherited)",
				);
				GCC_SYMBOLS_PRIVATE_EXTERN = NO;
				GCC_WARN_64_TO_32_BIT_CONVERSION = YES;
				GCC_WARN_ABOUT_RETURN_TYPE = YES_ERROR;
				GCC_WARN_UNDECLARED_SELECTOR = YES;
				GCC_WARN_UNINITIALIZED_AUTOS = YES_AGGRESSIVE;
				GCC_WARN_UNUSED_FUNCTION = YES;
				GCC_WARN_UNUSED_VARIABLE = YES;
				IPHONEOS_DEPLOYMENT_TARGET = 7.1;
				ONLY_ACTIVE_ARCH = YES;
				SDKROOT = iphoneos;
			};
			name = Debug;
		};
		74DDBA28195576A200419934 /* Release */ = {
			isa = XCBuildConfiguration;
			buildSettings = {
				ALWAYS_SEARCH_USER_PATHS = NO;
				CLANG_CXX_LANGUAGE_STANDARD = "gnu++0x";
				CLANG_CXX_LIBRARY = "libc++";
				CLANG_ENABLE_MODULES = YES;
				CLANG_ENABLE_OBJC_ARC = YES;
				CLANG_WARN_BOOL_CONVERSION = YES;
				CLANG_WARN_CONSTANT_CONVERSION = YES;
				CLANG_WARN_DIRECT_OBJC_ISA_USAGE = YES_ERROR;
				CLANG_WARN_EMPTY_BODY = YES;
				CLANG_WARN_ENUM_CONVERSION = YES;
				CLANG_WARN_INT_CONVERSION = YES;
				CLANG_WARN_OBJC_ROOT_CLASS = YES_ERROR;
				CLANG_WARN__DUPLICATE_METHOD_MATCH = YES;
				COPY_PHASE_STRIP = YES;
				ENABLE_NS_ASSERTIONS = NO;
				GCC_C_LANGUAGE_STANDARD = gnu99;
				GCC_WARN_64_TO_32_BIT_CONVERSION = YES;
				GCC_WARN_ABOUT_RETURN_TYPE = YES_ERROR;
				GCC_WARN_UNDECLARED_SELECTOR = YES;
				GCC_WARN_UNINITIALIZED_AUTOS = YES_AGGRESSIVE;
				GCC_WARN_UNUSED_FUNCTION = YES;
				GCC_WARN_UNUSED_VARIABLE = YES;
				IPHONEOS_DEPLOYMENT_TARGET = 7.1;
				SDKROOT = iphoneos;
				VALIDATE_PRODUCT = YES;
			};
			name = Release;
		};
		74DDBA2A195576A200419934 /* Debug */ = {
			isa = XCBuildConfiguration;
			buildSettings = {
				DSTROOT = "${BUILT_PRODUCTS_DIR}";
				GCC_PRECOMPILE_PREFIX_HEADER = YES;
				GCC_PREFIX_HEADER = "KiiLib-Objective-C/KiiLib-Objective-C-Prefix.pch";
				INSTALL_PATH = "${BUILT_PRODUCTS_DIR}";
				OTHER_LDFLAGS = "-ObjC";
				PRODUCT_NAME = "$(TARGET_NAME)";
				PUBLIC_HEADERS_FOLDER_PATH = "${TARGET_NAME}";
				SKIP_INSTALL = YES;
			};
			name = Debug;
		};
		74DDBA2B195576A200419934 /* Release */ = {
			isa = XCBuildConfiguration;
			buildSettings = {
				DSTROOT = "${BUILT_PRODUCTS_DIR}";
				GCC_PRECOMPILE_PREFIX_HEADER = YES;
				GCC_PREFIX_HEADER = "KiiLib-Objective-C/KiiLib-Objective-C-Prefix.pch";
				INSTALL_PATH = "${BUILT_PRODUCTS_DIR}";
				OTHER_LDFLAGS = "-ObjC";
				PRODUCT_NAME = "$(TARGET_NAME)";
				PUBLIC_HEADERS_FOLDER_PATH = "${TARGET_NAME}";
				SKIP_INSTALL = YES;
			};
			name = Release;
		};
		74DDBA2D195576A200419934 /* Debug */ = {
			isa = XCBuildConfiguration;
			buildSettings = {
				FRAMEWORK_SEARCH_PATHS = (
					"$(SDKROOT)/Developer/Library/Frameworks",
					"$(inherited)",
					"$(DEVELOPER_FRAMEWORKS_DIR)",
				);
				GCC_PRECOMPILE_PREFIX_HEADER = YES;
				GCC_PREFIX_HEADER = "KiiLib-Objective-C/KiiLib-Objective-C-Prefix.pch";
				GCC_PREPROCESSOR_DEFINITIONS = (
					"DEBUG=1",
					"$(inherited)",
				);
				INFOPLIST_FILE = "KiiLib-Objective-CTests/KiiLib-Objective-CTests-Info.plist";
				PRODUCT_NAME = "$(TARGET_NAME)";
				WRAPPER_EXTENSION = xctest;
			};
			name = Debug;
		};
		74DDBA2E195576A200419934 /* Release */ = {
			isa = XCBuildConfiguration;
			buildSettings = {
				FRAMEWORK_SEARCH_PATHS = (
					"$(SDKROOT)/Developer/Library/Frameworks",
					"$(inherited)",
					"$(DEVELOPER_FRAMEWORKS_DIR)",
				);
				GCC_PRECOMPILE_PREFIX_HEADER = YES;
				GCC_PREFIX_HEADER = "KiiLib-Objective-C/KiiLib-Objective-C-Prefix.pch";
				INFOPLIST_FILE = "KiiLib-Objective-CTests/KiiLib-Objective-CTests-Info.plist";
				PRODUCT_NAME = "$(TARGET_NAME)";
				WRAPPER_EXTENSION = xctest;
			};
			name = Release;
		};
/* End XCBuildConfiguration section */

/* Begin XCConfigurationList section */
		74DDBA01195576A200419934 /* Build configuration list for PBXProject "KiiLib-Objective-C" */ = {
			isa = XCConfigurationList;
			buildConfigurations = (
				74DDBA27195576A200419934 /* Debug */,
				74DDBA28195576A200419934 /* Release */,
			);
			defaultConfigurationIsVisible = 0;
			defaultConfigurationName = Release;
		};
		74DDBA29195576A200419934 /* Build configuration list for PBXNativeTarget "KiiLib-Objective-C" */ = {
			isa = XCConfigurationList;
			buildConfigurations = (
				74DDBA2A195576A200419934 /* Debug */,
				74DDBA2B195576A200419934 /* Release */,
			);
			defaultConfigurationIsVisible = 0;
			defaultConfigurationName = Release;
		};
		74DDBA2C195576A200419934 /* Build configuration list for PBXNativeTarget "KiiLib-Objective-CTests" */ = {
			isa = XCConfigurationList;
			buildConfigurations = (
				74DDBA2D195576A200419934 /* Debug */,
				74DDBA2E195576A200419934 /* Release */,
			);
			defaultConfigurationIsVisible = 0;
			defaultConfigurationName = Release;
		};
/* End XCConfigurationList section */
	};
	rootObject = 74DDB9FE195576A200419934 /* Project object */;
}
